
Microsoft Visual Studio Solution File, Format Version 12.00
# Visual Studio 15
VisualStudioVersion = 15.0.28307.1082
MinimumVisualStudioVersion = 10.0.40219.1
Project("{9A19103F-16F7-4668-BE54-9A1E7A4F7556}") = "HCP.Config.WebAPI", "eSyaConfig.WebAPI\HCP.Config.WebAPI.csproj", "{32B962DB-00F6-4A81-AAE8-679F11744C22}"
EndProject
Project("{9A19103F-16F7-4668-BE54-9A1E7A4F7556}") = "HCP.Config.DL", "..\eSyaConfig.DL\eSyaConfig.DL\HCP.Config.DL.csproj", "{ECF4D000-513E-4175-B6D7-911B2749893B}"
EndProject
Project("{9A19103F-16F7-4668-BE54-9A1E7A4F7556}") = "HCP.Config.DO", "..\eSyaConfig.DO\eSyaConfig.DO\HCP.Config.DO.csproj", "{4837EF8F-18C1-4E99-B111-CF60390A4044}"
EndProject
Project("{9A19103F-16F7-4668-BE54-9A1E7A4F7556}") = "HCP.Config.IF", "..\eSyaConfig.IF\eSyaConfig.IF\HCP.Config.IF.csproj", "{F420F3A7-2A8D-403D-A73E-ADE2C38483F5}"
EndProject
Global
	GlobalSection(SolutionConfigurationPlatforms) = preSolution
		Debug|Any CPU = Debug|Any CPU
		Release|Any CPU = Release|Any CPU
	EndGlobalSection
	GlobalSection(ProjectConfigurationPlatforms) = postSolution
		{32B962DB-00F6-4A81-AAE8-679F11744C22}.Debug|Any CPU.ActiveCfg = Debug|Any CPU
		{32B962DB-00F6-4A81-AAE8-679F11744C22}.Debug|Any CPU.Build.0 = Debug|Any CPU
		{32B962DB-00F6-4A81-AAE8-679F11744C22}.Release|Any CPU.ActiveCfg = Release|Any CPU
		{32B962DB-00F6-4A81-AAE8-679F11744C22}.Release|Any CPU.Build.0 = Release|Any CPU
		{ECF4D000-513E-4175-B6D7-911B2749893B}.Debug|Any CPU.ActiveCfg = Debug|Any CPU
		{ECF4D000-513E-4175-B6D7-911B2749893B}.Debug|Any CPU.Build.0 = Debug|Any CPU
		{ECF4D000-513E-4175-B6D7-911B2749893B}.Release|Any CPU.ActiveCfg = Release|Any CPU
		{ECF4D000-513E-4175-B6D7-911B2749893B}.Release|Any CPU.Build.0 = Release|Any CPU
		{4837EF8F-18C1-4E99-B111-CF60390A4044}.Debug|Any CPU.ActiveCfg = Debug|Any CPU
		{4837EF8F-18C1-4E99-B111-CF60390A4044}.Debug|Any CPU.Build.0 = Debug|Any CPU
		{4837EF8F-18C1-4E99-B111-CF60390A4044}.Release|Any CPU.ActiveCfg = Release|Any CPU
		{4837EF8F-18C1-4E99-B111-CF60390A4044}.Release|Any CPU.Build.0 = Release|Any CPU
		{F420F3A7-2A8D-403D-A73E-ADE2C38483F5}.Debug|Any CPU.ActiveCfg = Debug|Any CPU
		{F420F3A7-2A8D-403D-A73E-ADE2C38483F5}.Debug|Any CPU.Build.0 = Debug|Any CPU
		{F420F3A7-2A8D-403D-A73E-ADE2C38483F5}.Release|Any CPU.ActiveCfg = Release|Any CPU
		{F420F3A7-2A8D-403D-A73E-ADE2C38483F5}.Release|Any CPU.Build.0 = Release|Any CPU
	EndGlobalSection
	GlobalSection(SolutionProperties) = preSolution
		HideSolutionNode = FALSE
	EndGlobalSection
	GlobalSection(ExtensibilityGlobals) = postSolution
		SolutionGuid = {3294200A-2707-4698-B051-55513862D4C0}
	EndGlobalSection
EndGlobal
